// !$*UTF8*$!
{
	archiveVersion = 1;
	classes = {
	};
	objectVersion = 48;
	objects = {

/* Begin PBXBuildFile section */
		101CEBDB1F8E45BA00D2FA63 /* AppDelegate.swift in Sources */ = {isa = PBXBuildFile; fileRef = 101CEBDA1F8E45BA00D2FA63 /* AppDelegate.swift */; };
		101CEBDD1F8E45BA00D2FA63 /* ViewController.swift in Sources */ = {isa = PBXBuildFile; fileRef = 101CEBDC1F8E45BA00D2FA63 /* ViewController.swift */; };
		101CEBE01F8E45BA00D2FA63 /* Main.storyboard in Resources */ = {isa = PBXBuildFile; fileRef = 101CEBDE1F8E45BA00D2FA63 /* Main.storyboard */; };
		101CEBE21F8E45BA00D2FA63 /* Assets.xcassets in Resources */ = {isa = PBXBuildFile; fileRef = 101CEBE11F8E45BA00D2FA63 /* Assets.xcassets */; };
		101CEBE51F8E45BA00D2FA63 /* LaunchScreen.storyboard in Resources */ = {isa = PBXBuildFile; fileRef = 101CEBE31F8E45BA00D2FA63 /* LaunchScreen.storyboard */; };
		101CEBED1F8E49DA00D2FA63 /* TableViewController.swift in Sources */ = {isa = PBXBuildFile; fileRef = 101CEBEC1F8E49DA00D2FA63 /* TableViewController.swift */; };
		101CEBEF1F8E4F6900D2FA63 /* ArrayOf.swift in Sources */ = {isa = PBXBuildFile; fileRef = 101CEBEE1F8E4F6900D2FA63 /* ArrayOf.swift */; };
/* End PBXBuildFile section */

/* Begin PBXFileReference section */
		101CEBD71F8E45BA00D2FA63 /* React.app */ = {isa = PBXFileReference; explicitFileType = wrapper.application; includeInIndex = 0; path = React.app; sourceTree = BUILT_PRODUCTS_DIR; };
		101CEBDA1F8E45BA00D2FA63 /* AppDelegate.swift */ = {isa = PBXFileReference; lastKnownFileType = sourcecode.swift; path = AppDelegate.swift; sourceTree = "<group>"; };
		101CEBDC1F8E45BA00D2FA63 /* ViewController.swift */ = {isa = PBXFileReference; lastKnownFileType = sourcecode.swift; path = ViewController.swift; sourceTree = "<group>"; };
		101CEBDF1F8E45BA00D2FA63 /* Base */ = {isa = PBXFileReference; lastKnownFileType = file.storyboard; name = Base; path = Base.lproj/Main.storyboard; sourceTree = "<group>"; };
		101CEBE11F8E45BA00D2FA63 /* Assets.xcassets */ = {isa = PBXFileReference; lastKnownFileType = folder.assetcatalog; path = Assets.xcassets; sourceTree = "<group>"; };
		101CEBE41F8E45BA00D2FA63 /* Base */ = {isa = PBXFileReference; lastKnownFileType = file.storyboard; name = Base; path = Base.lproj/LaunchScreen.storyboard; sourceTree = "<group>"; };
		101CEBE61F8E45BA00D2FA63 /* Info.plist */ = {isa = PBXFileReference; lastKnownFileType = text.plist.xml; path = Info.plist; sourceTree = "<group>"; };
		101CEBEC1F8E49DA00D2FA63 /* TableViewController.swift */ = {isa = PBXFileReference; lastKnownFileType = sourcecode.swift; path = TableViewController.swift; sourceTree = "<group>"; };
		101CEBEE1F8E4F6900D2FA63 /* ArrayOf.swift */ = {isa = PBXFileReference; lastKnownFileType = sourcecode.swift; path = ArrayOf.swift; sourceTree = "<group>"; };
/* End PBXFileReference section */

/* Begin PBXFrameworksBuildPhase section */
		101CEBD41F8E45BA00D2FA63 /* Frameworks */ = {
			isa = PBXFrameworksBuildPhase;
			buildActionMask = 2147483647;
			files = (
			);
			runOnlyForDeploymentPostprocessing = 0;
		};
/* End PBXFrameworksBuildPhase section */

/* Begin PBXGroup section */
		101CEBCE1F8E45BA00D2FA63 = {
			isa = PBXGroup;
			children = (
				101CEBD91F8E45BA00D2FA63 /* React */,
				101CEBD81F8E45BA00D2FA63 /* Products */,
			);
			sourceTree = "<group>";
		};
		101CEBD81F8E45BA00D2FA63 /* Products */ = {
			isa = PBXGroup;
			children = (
				101CEBD71F8E45BA00D2FA63 /* React.app */,
			);
			name = Products;
			sourceTree = "<group>";
		};
		101CEBD91F8E45BA00D2FA63 /* React */ = {
			isa = PBXGroup;
			children = (
				101CEBDA1F8E45BA00D2FA63 /* AppDelegate.swift */,
				101CEBDC1F8E45BA00D2FA63 /* ViewController.swift */,
				101CEBEC1F8E49DA00D2FA63 /* TableViewController.swift */,
				101CEBDE1F8E45BA00D2FA63 /* Main.storyboard */,
				101CEBEE1F8E4F6900D2FA63 /* ArrayOf.swift */,
				101CEBE11F8E45BA00D2FA63 /* Assets.xcassets */,
				101CEBE31F8E45BA00D2FA63 /* LaunchScreen.storyboard */,
				101CEBE61F8E45BA00D2FA63 /* Info.plist */,
			);
			path = React;
			sourceTree = "<group>";
		};
/* End PBXGroup section */

/* Begin PBXNativeTarget section */
		101CEBD61F8E45BA00D2FA63 /* React */ = {
			isa = PBXNativeTarget;
			buildConfigurationList = 101CEBE91F8E45BA00D2FA63 /* Build configuration list for PBXNativeTarget "React" */;
			buildPhases = (
				101CEBD31F8E45BA00D2FA63 /* Sources */,
				101CEBD41F8E45BA00D2FA63 /* Frameworks */,
				101CEBD51F8E45BA00D2FA63 /* Resources */,
			);
			buildRules = (
			);
			dependencies = (
			);
			name = React;
			productName = React;
			productReference = 101CEBD71F8E45BA00D2FA63 /* React.app */;
			productType = "com.apple.product-type.application";
		};
/* End PBXNativeTarget section */

/* Begin PBXProject section */
		101CEBCF1F8E45BA00D2FA63 /* Project object */ = {
			isa = PBXProject;
			attributes = {
				LastSwiftUpdateCheck = 0900;
				LastUpgradeCheck = 0900;
				ORGANIZATIONNAME = "John Hersey High School";
				TargetAttributes = {
					101CEBD61F8E45BA00D2FA63 = {
						CreatedOnToolsVersion = 9.0;
						ProvisioningStyle = Automatic;
					};
				};
			};
			buildConfigurationList = 101CEBD21F8E45BA00D2FA63 /* Build configuration list for PBXProject "React" */;
			compatibilityVersion = "Xcode 8.0";
			developmentRegion = en;
			hasScannedForEncodings = 0;
			knownRegions = (
				en,
				Base,
			);
			mainGroup = 101CEBCE1F8E45BA00D2FA63;
			productRefGroup = 101CEBD81F8E45BA00D2FA63 /* Products */;
			projectDirPath = "";
			projectRoot = "";
			targets = (
				101CEBD61F8E45BA00D2FA63 /* React */,
			);
		};
/* End PBXProject section */

/* Begin PBXResourcesBuildPhase section */
		101CEBD51F8E45BA00D2FA63 /* Resources */ = {
			isa = PBXResourcesBuildPhase;
			buildActionMask = 2147483647;
			files = (
				101CEBE51F8E45BA00D2FA63 /* LaunchScreen.storyboard in Resources */,
				101CEBE21F8E45BA00D2FA63 /* Assets.xcassets in Resources */,
				101CEBE01F8E45BA00D2FA63 /* Main.storyboard in Resources */,
			);
			runOnlyForDeploymentPostprocessing = 0;
		};
/* End PBXResourcesBuildPhase section */

/* Begin PBXSourcesBuildPhase section */
		101CEBD31F8E45BA00D2FA63 /* Sources */ = {
			isa = PBXSourcesBuildPhase;
			buildActionMask = 2147483647;
			files = (
				101CEBEF1F8E4F6900D2FA63 /* ArrayOf.swift in Sources */,
				101CEBDD1F8E45BA00D2FA63 /* ViewController.swift in Sources */,
				101CEBED1F8E49DA00D2FA63 /* TableViewController.swift in Sources */,
				101CEBDB1F8E45BA00D2FA63 /* AppDelegate.swift in Sources */,
			);
			runOnlyForDeploymentPostprocessing = 0;
		};
/* End PBXSourcesBuildPhase section */

/* Begin PBXVariantGroup section */
		101CEBDE1F8E45BA00D2FA63 /* Main.storyboard */ = {
			isa = PBXVariantGroup;
			children = (
				101CEBDF1F8E45BA00D2FA63 /* Base */,
			);
			name = Main.storyboard;
			sourceTree = "<group>";
		};
		101CEBE31F8E45BA00D2FA63 /* LaunchScreen.storyboard */ = {
			isa = PBXVariantGroup;
			children = (
				101CEBE41F8E45BA00D2FA63 /* Base */,
			);
			name = LaunchScreen.storyboard;
			sourceTree = "<group>";
		};
/* End PBXVariantGroup section */

/* Begin XCBuildConfiguration section */
		101CEBE71F8E45BA00D2FA63 /* Debug */ = {
			isa = XCBuildConfiguration;
			buildSettings = {
				ALWAYS_SEARCH_USER_PATHS = NO;
				CLANG_ANALYZER_NONNULL = YES;
				CLANG_ANALYZER_NUMBER_OBJECT_CONVERSION = YES_AGGRESSIVE;
				CLANG_CXX_LANGUAGE_STANDARD = "gnu++14";
				CLANG_CXX_LIBRARY = "libc++";
				CLANG_ENABLE_MODULES = YES;
				CLANG_ENABLE_OBJC_ARC = YES;
				CLANG_WARN_BLOCK_CAPTURE_AUTORELEASING = YES;
				CLANG_WARN_BOOL_CONVERSION = YES;
				CLANG_WARN_COMMA = YES;
				CLANG_WARN_CONSTANT_CONVERSION = YES;
				CLANG_WARN_DIRECT_OBJC_ISA_USAGE = YES_ERROR;
				CLANG_WARN_DOCUMENTATION_COMMENTS = YES;
				CLANG_WARN_EMPTY_BODY = YES;
				CLANG_WARN_ENUM_CONVERSION = YES;
				CLANG_WARN_INFINITE_RECURSION = YES;
				CLANG_WARN_INT_CONVERSION = YES;
				CLANG_WARN_NON_LITERAL_NULL_CONVERSION = YES;
				CLANG_WARN_OBJC_LITERAL_CONVERSION = YES;
				CLANG_WARN_OBJC_ROOT_CLASS = YES_ERROR;
				CLANG_WARN_RANGE_LOOP_ANALYSIS = YES;
				CLANG_WARN_STRICT_PROTOTYPES = YES;
				CLANG_WARN_SUSPICIOUS_MOVE = YES;
				CLANG_WARN_UNGUARDED_AVAILABILITY = YES_AGGRESSIVE;
				CLANG_WARN_UNREACHABLE_CODE = YES;
				CLANG_WARN__DUPLICATE_METHOD_MATCH = YES;
				CODE_SIGN_IDENTITY = "iPhone Developer";
				COPY_PHASE_STRIP = NO;
				DEBUG_INFORMATION_FORMAT = dwarf;
				ENABLE_STRICT_OBJC_MSGSEND = YES;
				ENABLE_TESTABILITY = YES;
				GCC_C_LANGUAGE_STANDARD = gnu11;
				GCC_DYNAMIC_NO_PIC = NO;
				GCC_NO_COMMON_BLOCKS = YES;
				GCC_OPTIMIZATION_LEVEL = 0;
				GCC_PREPROCESSOR_DEFINITIONS = (
					"DEBUG=1",
					"$(inherited)",
				);
				GCC_WARN_64_TO_32_BIT_CONVERSION = YES;
				GCC_WARN_ABOUT_RETURN_TYPE = YES_ERROR;
				GCC_WARN_UNDECLARED_SELECTOR = YES;
				GCC_WARN_UNINITIALIZED_AUTOS = YES_AGGRESSIVE;
				GCC_WARN_UNUSED_FUNCTION = YES;
				GCC_WARN_UNUSED_VARIABLE = YES;
				IPHONEOS_DEPLOYMENT_TARGET = 11.0;
				MTL_ENABLE_DEBUG_INFO = YES;
				ONLY_ACTIVE_ARCH = YES;
				SDKROOT = iphoneos;
				SWIFT_ACTIVE_COMPILATION_CONDITIONS = DEBUG;
				SWIFT_OPTIMIZATION_LEVEL = "-Onone";
			};
			name = Debug;
		};
		101CEBE81F8E45BA00D2FA63 /* Release */ = {
			isa = XCBuildConfiguration;
			buildSettings = {
				ALWAYS_SEARCH_USER_PATHS = NO;
				CLANG_ANALYZER_NONNULL = YES;
				CLANG_ANALYZER_NUMBER_OBJECT_CONVERSION = YES_AGGRESSIVE;
				CLANG_CXX_LANGUAGE_STANDARD = "gnu++14";
				CLANG_CXX_LIBRARY = "libc++";
				CLANG_ENABLE_MODULES = YES;
				CLANG_ENABLE_OBJC_ARC = YES;
				CLANG_WARN_BLOCK_CAPTURE_AUTORELEASING = YES;
				CLANG_WARN_BOOL_CONVERSION = YES;
				CLANG_WARN_COMMA = YES;
				CLANG_WARN_CONSTANT_CONVERSION = YES;
				CLANG_WARN_DIRECT_OBJC_ISA_USAGE = YES_ERROR;
				CLANG_WARN_DOCUMENTATION_COMMENTS = YES;
				CLANG_WARN_EMPTY_BODY = YES;
				CLANG_WARN_ENUM_CONVERSION = YES;
				CLANG_WARN_INFINITE_RECURSION = YES;
				CLANG_WARN_INT_CONVERSION = YES;
				CLANG_WARN_NON_LITERAL_NULL_CONVERSION = YES;
				CLANG_WARN_OBJC_LITERAL_CONVERSION = YES;
				CLANG_WARN_OBJC_ROOT_CLASS = YES_ERROR;
				CLANG_WARN_RANGE_LOOP_ANALYSIS = YES;
				CLANG_WARN_STRICT_PROTOTYPES = YES;
				CLANG_WARN_SUSPICIOUS_MOVE = YES;
				CLANG_WARN_UNGUARDED_AVAILABILITY = YES_AGGRESSIVE;
				CLANG_WARN_UNREACHABLE_CODE = YES;
				CLANG_WARN__DUPLICATE_METHOD_MATCH = YES;
				CODE_SIGN_IDENTITY = "iPhone Developer";
				COPY_PHASE_STRIP = NO;
				DEBUG_INFORMATION_FORMAT = "dwarf-with-dsym";
				ENABLE_NS_ASSERTIONS = NO;
				ENABLE_STRICT_OBJC_MSGSEND = YES;
				GCC_C_LANGUAGE_STANDARD = gnu11;
				GCC_NO_COMMON_BLOCKS = YES;
				GCC_WARN_64_TO_32_BIT_CONVERSION = YES;
				GCC_WARN_ABOUT_RETURN_TYPE = YES_ERROR;
				GCC_WARN_UNDECLARED_SELECTOR = YES;
				GCC_WARN_UNINITIALIZED_AUTOS = YES_AGGRESSIVE;
				GCC_WARN_UNUSED_FUNCTION = YES;
				GCC_WARN_UNUSED_VARIABLE = YES;
				IPHONEOS_DEPLOYMENT_TARGET = 11.0;
				MTL_ENABLE_DEBUG_INFO = NO;
				SDKROOT = iphoneos;
				SWIFT_OPTIMIZATION_LEVEL = "-Owholemodule";
				VALIDATE_PRODUCT = YES;
			};
			name = Release;
		};
		101CEBEA1F8E45BA00D2FA63 /* Debug */ = {
			isa = XCBuildConfiguration;
			buildSettings = {
				ASSETCATALOG_COMPILER_APPICON_NAME = AppIcon;
				CODE_SIGN_STYLE = Automatic;
				DEVELOPMENT_TEAM = BWYT76Q3DS;
				INFOPLIST_FILE = React/Info.plist;
				LD_RUNPATH_SEARCH_PATHS = "$(inherited) @executable_path/Frameworks";
				PRODUCT_BUNDLE_IDENTIFIER = org.jhhs.d214.React;
				PRODUCT_NAME = "$(TARGET_NAME)";
				SWIFT_VERSION = 4.0;
				TARGETED_DEVICE_FAMILY = "1,2";
			};
			name = Debug;
		};
		101CEBEB1F8E45BA00D2FA63 /* Release */ = {
			isa = XCBuildConfiguration;
			buildSettings = {
				ASSETCATALOG_COMPILER_APPICON_NAME = AppIcon;
				CODE_SIGN_STYLE = Automatic;
				DEVELOPMENT_TEAM = BWYT76Q3DS;
				INFOPLIST_FILE = React/Info.plist;
				LD_RUNPATH_SEARCH_PATHS = "$(inherited) @executable_path/Frameworks";
				PRODUCT_BUNDLE_IDENTIFIER = org.jhhs.d214.React;
				PRODUCT_NAME = "$(TARGET_NAME)";
				SWIFT_VERSION = 4.0;
				TARGETED_DEVICE_FAMILY = "1,2";
			};
			name = Release;
		};
/* End XCBuildConfiguration section */

/* Begin XCConfigurationList section */
		101CEBD21F8E45BA00D2FA63 /* Build configuration list for PBXProject "React" */ = {
			isa = XCConfigurationList;
			buildConfigurations = (
				101CEBE71F8E45BA00D2FA63 /* Debug */,
				101CEBE81F8E45BA00D2FA63 /* Release */,
			);
			defaultConfigurationIsVisible = 0;
			defaultConfigurationName = Release;
		};
		101CEBE91F8E45BA00D2FA63 /* Build configuration list for PBXNativeTarget "React" */ = {
			isa = XCConfigurationList;
			buildConfigurations = (
				101CEBEA1F8E45BA00D2FA63 /* Debug */,
				101CEBEB1F8E45BA00D2FA63 /* Release */,
			);
			defaultConfigurationIsVisible = 0;
			defaultConfigurationName = Release;
		};
/* End XCConfigurationList section */
	};
	rootObject = 101CEBCF1F8E45BA00D2FA63 /* Project object */;
}
